github.com/apprehensions/rbxbin v0.0.0-20240402183954-152e1f392b95 h1:B+VNJO+96ukN8OxV9k35bQfi3GCyIuDruN+MPAWJTzg=
github.com/apprehensions/rbxbin v0.0.0-20240402183954-152e1f392b95/go.mod h1:xQ/kfERoO1h8tCGp8z6EafN4TdEERb0sRO5fM/3bhKo=
github.com/apprehensions/rbxbin v0.0.0-20240407014006-bb26c002dffb h1:qwu/qBJJkK1R3z7+wNaWS9CZaXZbu06G7DgODIeeTDQ=
github.com/apprehensions/rbxbin v0.0.0-20240407014006-bb26c002dffb/go.mod h1:FRJLfv2+HPYGcR7xP2VLG4O6QjkFCf05rBcdfUq1j3M=
github.com/apprehensions/rbxweb v0.0.0-20240329184049-0bdedc184942 h1:pNRoIKlv329La+msdHmJSPYYf1y4hY4s5ou2mEQDHqU=
github.com/apprehensions/rbxweb v0.0.0-20240329184049-0bdedc184942/go.mod h1:F7WKRLrQxuRgfXxhwnlFJ059ZBMRxkXxvIhUxP4Qc5g=
github.com/klauspost/compress v1.17.7 h1:ehO88t2UGzQK66LMdE8tibEd1ErmzZjNEqWkjLAKQQg=
github.com/klauspost/compress v1.17.7/go.mod h1:Di0epgTjJY877eYKx5yC51cX2A2Vl2ibi7bDH9ttBbw=
github.com/klauspost/compress v1.17.8 h1:YcnTYrq7MikUT7k0Yb5eceMmALQPYBW/Xltxn0NAMnU=
github.com/klauspost/compress v1.17.8/go.mod h1:Di0epgTjJY877eYKx5yC51cX2A2Vl2ibi7bDH9ttBbw=
github.com/robloxapi/rbxdhist v0.6.0 h1:DH3hBwjgnJJyfuRQvJxkaX27V/EQP8/0KihW/9Ajo6Q=
github.com/robloxapi/rbxdhist v0.6.0/go.mod h1:Dv8zmWSygz0Qc8SIRxasJ8wlAIchvyifEVHrG3qwNXI=
github.com/robloxapi/rbxver v0.3.0 h1:ax3ndKtLiXNeYbGc56UEcPQYYMEr6heOfyRDfn+68lg=
github.com/robloxapi/rbxver v0.3.0/go.mod h1:mpM7UdZ2YyLq4gSVtWToeRQLUHNBcOfRGRjINbOi5vM=
golang.org/x/sync v0.6.0 h1:5BMeUDZ7vkXGfEr1x9B4bRcTH4lpkTkpdh0T/J+qjbQ=
golang.org/x/sync v0.6.0/go.mod h1:Czt+wKu1gCyEFDUtn0jG5QVvpJ6rzVqr5aXyt9drQfk=
golang.org/x/sync v0.7.0 h1:YsImfSBoP9QPYL0xyKJPq0gcaJdG3rInoqxTWbfQu9M=
golang.org/x/sync v0.7.0/go.mod h1:Czt+wKu1gCyEFDUtn0jG5QVvpJ6rzVqr5aXyt9drQfk=
